
Microsoft Visual Studio Solution File, Format Version 12.00
# Visual Studio 15
VisualStudioVersion = 15.0.28307.779
MinimumVisualStudioVersion = 10.0.40219.1
Project("{FAE04EC0-301F-11D3-BF4B-00C04F79EFBC}") = "TPI", "TPI\TPI.csproj", "{E4F71921-6601-4030-ABF9-4E5607FAFBBC}"
EndProject
Global
	GlobalSection(SolutionConfigurationPlatforms) = preSolution
		Debug|Any CPU = Debug|Any CPU
		Release|Any CPU = Release|Any CPU
	EndGlobalSection
	GlobalSection(ProjectConfigurationPlatforms) = postSolution
		{E4F71921-6601-4030-ABF9-4E5607FAFBBC}.Debug|Any CPU.ActiveCfg = Debug|Any CPU
		{E4F71921-6601-4030-ABF9-4E5607FAFBBC}.Debug|Any CPU.Build.0 = Debug|Any CPU
		{E4F71921-6601-4030-ABF9-4E5607FAFBBC}.Release|Any CPU.ActiveCfg = Release|Any CPU
		{E4F71921-6601-4030-ABF9-4E5607FAFBBC}.Release|Any CPU.Build.0 = Release|Any CPU
	EndGlobalSection
	GlobalSection(SolutionProperties) = preSolution
		HideSolutionNode = FALSE
	EndGlobalSection
	GlobalSection(ExtensibilityGlobals) = postSolution
		SolutionGuid = {DECFA7CB-05A2-48E5-BC06-EA2A1DA1773A}
	EndGlobalSection
EndGlobal
